version = 1
revision = 3
requires-python = "==3.13.*"

[[package]]
name = "bitarray"
version = "3.9.2"
source = { registry = "https://pypi.org/simple" }
sdist = { url = "https://files.pythonhosted.org/packages/53/71/dd598d2d546d11d7aca6cd25f05875e2dad194df0a663f1892690d4fb90d/bitarray-3.9.2.tar.gz", hash = "sha256:37342f81c8f8e10ee5d1e23d5eda2e8dbd9d8d3a9d90e8285181fad57f21cdc1", size = 160932, upload-time = "2026-07-25T06:39:21.234Z" }
wheels = [
    { url = "https://files.pythonhosted.org/packages/9f/33/a15849ec7ca05b55835b52baa4f226ee1d75cffd0943cf0a648c52bf9048/bitarray-3.9.2-cp313-cp313-macosx_10_13_x86_64.whl", hash = "sha256:5156ae1fb0d56238b2ba64b8c0da9a14dbc2e16c9d79114ad3850b7aff513b0a", size = 156131, upload-time = "2026-07-25T06:37:59.76Z" },
    { url = "https://files.pythonhosted.org/packages/53/98/f097b0e50c31c4e1cc8f8612e21b8d193a66c0d14ca07f06eba376c5f090/bitarray-3.9.2-cp313-cp313-macosx_11_0_arm64.whl", hash = "sha256:054fc478842a95d8e9e200117a7e170cd8ec17608e3cfa451e44fc78e5ab5007", size = 152618, upload-time = "2026-07-25T06:38:00.769Z" },
    { url = "https://files.pythonhosted.org/packages/f2/c2/ea3786bb4231564482f23f1aaf478a1ddf8e8d08cfb90167c17cca89623d/bitarray-3.9.2-cp313-cp313-manylinux2014_aarch64.manylinux_2_17_aarch64.manylinux_2_28_aarch64.whl", hash = "sha256:1d5e428a70d6e395b9fd415bba70bfb463d2b9e8010d471cb99eb0f82e91d179", size = 360335, upload-time = "2026-07-25T06:38:01.829Z" },
    { url = "https://files.pythonhosted.org/packages/fd/93/5772f7c4ffa4d6a1e9e486e8623f4f89041268e8c91b5761ad0920fc53e8/bitarray-3.9.2-cp313-cp313-manylinux2014_ppc64le.manylinux_2_17_ppc64le.manylinux_2_28_ppc64le.whl", hash = "sha256:a34d717b362f96a767b03f350cefecd0f613a44ce774868d3635423eec1e5d75", size = 381029, upload-time = "2026-07-25T06:38:03.1Z" },
    { url = "https://files.pythonhosted.org/packages/ec/6b/e84a9a61cbf7db68703f6ebeb853c4d323c9b1d83bd4d863ceb424575785/bitarray-3.9.2-cp313-cp313-manylinux2014_s390x.manylinux_2_17_s390x.manylinux_2_28_s390x.whl", hash = "sha256:068a100b2d3507e1ebd6f0cb3515551ddf3c7db1c98426dc854ddff985508eb8", size = 394606, upload-time = "2026-07-25T06:38:04.149Z" },
    { url = "https://files.pythonhosted.org/packages/1a/3c/127d48763eaf8941556486fc7883096d9024139276dfc19150523bfc6e31/bitarray-3.9.2-cp313-cp313-manylinux2014_x86_64.manylinux_2_17_x86_64.manylinux_2_28_x86_64.whl", hash = "sha256:3a797165662ce08029a5975e05e928b77f979d8322cc719ba46eb8b3d9ab5c9b", size = 364341, upload-time = "2026-07-25T06:38:05.401Z" },
    { url = "https://files.pythonhosted.org/packages/1e/9b/d58b96fc10bec25fa59aa894964dadb5cbfb150fe4b30aeecea162c2cda4/bitarray-3.9.2-cp313-cp313-musllinux_1_2_aarch64.whl", hash = "sha256:6468d775054cb4fe777d585c661df89e99f9398fa9cb31e428a9b42105e6ce48", size = 358005, upload-time = "2026-07-25T06:38:06.464Z" },
    { url = "https://files.pythonhosted.org/packages/61/5f/25989fb53e1e4f079b2c75b24d0bcb500b407cb0be2c35953fee092a872a/bitarray-3.9.2-cp313-cp313-musllinux_1_2_ppc64le.whl", hash = "sha256:9bd26caa42d12c747af2c3a3995b08db32ac7afa0c5262c0b6c6931293067805", size = 378038, upload-time = "2026-07-25T06:38:07.818Z" },
    { url = "https://files.pythonhosted.org/packages/fa/42/e80c45b496d60e216af776ed284c65cc55434cfbe39cd459975f1fb6a0ca/bitarray-3.9.2-cp313-cp313-musllinux_1_2_s390x.whl", hash = "sha256:11574711bae2b501141f64cf6d7a9819c9f45e7d8edcd2d9fe282b377dadb900", size = 376295, upload-time = "2026-07-25T06:38:09.079Z" },
    { url = "https://files.pythonhosted.org/packages/04/84/8bc4a8e12a802199b20912f57427e3ba6b8cc3649190fecb7c97bb35a69d/bitarray-3.9.2-cp313-cp313-musllinux_1_2_x86_64.whl", hash = "sha256:c6e16d6a8d93362f65336fc57e76fb1fe94f257bb54a843cf1a83c86887ac1ca", size = 360959, upload-time = "2026-07-25T06:38:10.299Z" },
    { url = "https://files.pythonhosted.org/packages/34/ca/3ebd885ae0df8f9ec508315361e602fada65c5c75d8b1d1660c81659cce0/bitarray-3.9.2-cp313-cp313-win32.whl", hash = "sha256:7fd8d649b10ba26c032c76ffb2610385496ebf5e52c44c26864e9b16ac8102b3", size = 148350, upload-time = "2026-07-25T06:38:11.473Z" },
    { url = "https://files.pythonhosted.org/packages/6b/92/7ecff07e9bbf6f51092bc3a01361bd5bae5814cd3326abc8423a2ae637a0/bitarray-3.9.2-cp313-cp313-win_amd64.whl", hash = "sha256:0df2bd4b5fea65be332cf9c17351d4c68d3eb442c0e13a5bda8019554cb36ce1", size = 157627, upload-time = "2026-07-25T06:38:12.591Z" },
    { url = "https://files.pythonhosted.org/packages/7c/c4/28122fd875b6bdbebfc15bf60ea3704149540b0f3f43e15f247a7e9604ba/bitarray-3.9.2-cp313-cp313-win_arm64.whl", hash = "sha256:94278c9d37a6f4316ae1f100e98e6582369f25b1f8186bb595ee1578fbc5c52e", size = 153528, upload-time = "2026-07-25T06:38:13.863Z" },
]

[[package]]
name = "bitstring"
version = "4.4.0"
source = { registry = "https://pypi.org/simple" }
dependencies = [
    { name = "bitarray" },
    { name = "tibs" },
]
sdist = { url = "https://files.pythonhosted.org/packages/36/d3/de6fe4e7065df8c2f1ac1766f5fdccbe75bc18af2cf2dbeecd34d68e1518/bitstring-4.4.0.tar.gz", hash = "sha256:e682ac522bb63e041d16cbc9d0ca86a4f00194db16d0847c7efe066f836b2e37", size = 255209, upload-time = "2026-03-10T20:29:14.824Z" }
wheels = [
    { url = "https://files.pythonhosted.org/packages/bf/02/1a870bab76f2896d827aa4963be95e56675ffa1453e53525d13c43036edf/bitstring-4.4.0-py3-none-any.whl", hash = "sha256:feac49524fcf3ef27e6081e86f02b10d2adf6c3773bf22fbe0e7eea9534bc737", size = 76846, upload-time = "2026-03-10T20:29:12.832Z" },
]

[[package]]
name = "caid-soc"
version = "0.1.0"
source = { virtual = "." }
dependencies = [
    { name = "cocotb" },
    { name = "cocotb-test" },
    { name = "debugpy" },
    { name = "pytest" },
    { name = "riscv-assembler" },
    { name = "tinyrv" },
]

[package.metadata]
requires-dist = [
    { name = "cocotb", specifier = ">=2.0.1" },
    { name = "cocotb-test", specifier = ">=0.2.6" },
    { name = "debugpy", specifier = ">=1.8.21" },
    { name = "pytest", specifier = ">=9.1.1" },
    { name = "riscv-assembler", specifier = ">=1.2.1" },
    { name = "tinyrv", specifier = ">=0.1.0" },
]

[[package]]
name = "cocotb"
version = "2.0.1"
source = { registry = "https://pypi.org/simple" }
dependencies = [
    { name = "find-libpython" },
]
sdist = { url = "https://files.pythonhosted.org/packages/28/f1/40b6086c1bba60cc7c59ff40815b35a5c364711d1ee86c878a296b0a963b/cocotb-2.0.1.tar.gz", hash = "sha256:69887748412ff43e98f8579ad6c0da1f6ff19a94d0c3b4d6da472d8e86784e82", size = 318250, upload-time = "2025-11-15T12:45:24.01Z" }
wheels = [
    { url = "https://files.pythonhosted.org/packages/d1/ca/539c3f34a8b44c34ec4ea282cc643323166c2b590afb40d7ed70b917d781/cocotb-2.0.1-cp313-cp313-macosx_10_13_x86_64.whl", hash = "sha256:1564125b6ace66b3f350d083a97308249c247515891487b56e527d9a4e7ebb0a", size = 644950, upload-time = "2025-11-15T12:44:38.054Z" },
    { url = "https://files.pythonhosted.org/packages/65/dc/dec80c9e5ed4bf8d517d6a2482d00d7be9e0a7ab2be7fccc291f14eb35e1/cocotb-2.0.1-cp313-cp313-macosx_11_0_arm64.whl", hash = "sha256:be9d205fd5976cad89888dc394a91315037ccb7e684cd9f1a09f52509199cadf", size = 626748, upload-time = "2025-11-15T12:44:39.475Z" },
    { url = "https://files.pythonhosted.org/packages/fa/09/002ce8787c7b2f88a7f139242a2781ee07fa63ff337600b23a07a83c9564/cocotb-2.0.1-cp313-cp313-manylinux_2_17_x86_64.manylinux2014_x86_64.whl", hash = "sha256:9236df78a8fcdecb09a0916300c55ce1ab7a92fc67ac09b22f63ff592a47232e", size = 4552510, upload-time = "2025-11-15T12:44:41.563Z" },
    { url = "https://files.pythonhosted.org/packages/ae/6d/13de0eb3a1fd94db7457ed71289fecc91407a5d9444bba9d9e1e341a5a60/cocotb-2.0.1-cp313-cp313-manylinux_2_5_i686.manylinux1_i686.manylinux_2_17_i686.manylinux2014_i686.whl", hash = "sha256:fed79b086414ac2d5faa1eff74b7533cb46404dfcd5a8e52cdffaeecdf98033a", size = 4430345, upload-time = "2025-11-15T12:44:43.612Z" },
    { url = "https://files.pythonhosted.org/packages/2f/4f/bfa12c4f38951584f2942d30e0dd40a2897a4d2ea6c01d9d50d175633845/cocotb-2.0.1-cp313-cp313-win32.whl", hash = "sha256:ad5ed2c7ced2c8088d9ee8bd0c0d4497297248d76698c2940e978d5e54dbed33", size = 579105, upload-time = "2025-11-15T12:44:45.118Z" },
    { url = "https://files.pythonhosted.org/packages/6a/d3/91d12e4b8c7b05bed87b53552d4f0d2a28b3de23730ba20b1e0fd88961f2/cocotb-2.0.1-cp313-cp313-win_amd64.whl", hash = "sha256:d1329c0efc1b460f12f8c76e5d030322adb4e89bc48f70c6f0805535d6eb1b10", size = 621171, upload-time = "2025-11-15T12:44:46.414Z" },
]

[[package]]
name = "cocotb-test"
version = "0.2.6"
source = { registry = "https://pypi.org/simple" }
dependencies = [
    { name = "cocotb" },
    { name = "find-libpython" },
    { name = "pytest" },
]
sdist = { url = "https://files.pythonhosted.org/packages/cd/49/2d00e3518fcff0abc4c15207b1d14745420c6b4b4c7ece60d5c35717842e/cocotb_test-0.2.6.tar.gz", hash = "sha256:a4661948ca145eee6bccaf832174b5efb9f6d3420677157c04ade72bb2160692", size = 21254, upload-time = "2025-01-04T15:42:34.136Z" }

[[package]]
name = "colorama"
version = "0.4.6"
source = { registry = "https://pypi.org/simple" }
sdist = { url = "https://files.pythonhosted.org/packages/d8/53/6f443c9a4a8358a93a6792e2acffb9d9d5cb0a5cfd8802644b7b1c9a02e4/colorama-0.4.6.tar.gz", hash = "sha256:08695f5cb7ed6e0531a20572697297273c47b8cae5a63ffc6d6ed5c201be6e44", size = 27697, upload-time = "2022-10-25T02:36:22.414Z" }
wheels = [
    { url = "https://files.pythonhosted.org/packages/d1/d6/3965ed04c63042e047cb6a3e6ed1a63a35087b6a609aa3a15ed8ac56c221/colorama-0.4.6-py2.py3-none-any.whl", hash = "sha256:4f1d9991f5acc0ca119f9d443620b77f9d6b33703e51011c16baf57afb285fc6", size = 25335, upload-time = "2022-10-25T02:36:20.889Z" },
]

[[package]]
name = "dataclasses-struct"
version = "1.4.0"
source = { registry = "https://pypi.org/simple" }
sdist = { url = "https://files.pythonhosted.org/packages/ba/04/9ee69793964845a3e70cfabe5de5ea4c96db64159a9915ddf2c55d982656/dataclasses_struct-1.4.0.tar.gz", hash = "sha256:4f727f5251b5e12bb97a9eef3b162c76d862b341a0c2c7fc0036995ea72e63c3", size = 106728, upload-time = "2025-06-21T02:09:45.299Z" }
wheels = [
    { url = "https://files.pythonhosted.org/packages/a4/e4/9e6e67efa2e4e2bb3adbbaff65792d16fd8cba62a49c0b977c7332191125/dataclasses_struct-1.4.0-py3-none-any.whl", hash = "sha256:963f6ce708914de94e6c7faf39410b9bbb29b3d77e2555da5414a8b22d1b4058", size = 14338, upload-time = "2025-06-21T02:09:43.69Z" },
]

[[package]]
name = "debugpy"
version = "1.8.21"
source = { registry = "https://pypi.org/simple" }
sdist = { url = "https://files.pythonhosted.org/packages/f2/aa/12037145b7a56eaa5b29b41872f7a21b538e807e13f32c4d3c46e59be084/debugpy-1.8.21.tar.gz", hash = "sha256:a3c53278e84c94e11bd87c53970ec391d1a67396c8b22609fcac576520e611a6", size = 1697577, upload-time = "2026-06-01T19:30:35.156Z" }
wheels = [
    { url = "https://files.pythonhosted.org/packages/77/6b/d817e1f8cc77aa055d37fba092e0febfdff40fe652d8d53d4cd7a86ad98d/debugpy-1.8.21-cp313-cp313-macosx_15_0_universal2.whl", hash = "sha256:13678151fc401e2d68c9880b91e28714f797d40422994572b24560ef80910a88", size = 2477398, upload-time = "2026-06-01T19:30:57.644Z" },
    { url = "https://files.pythonhosted.org/packages/48/57/412421516afc3055fa577516f00beec3d663f9b0ab330639547ae6c57720/debugpy-1.8.21-cp313-cp313-manylinux_2_34_x86_64.whl", hash = "sha256:ecbd158386c31ffe71d46f72d44d56e66331ab9b16cad649156d514368f23ab2", size = 3962096, upload-time = "2026-06-01T19:30:59.235Z" },
    { url = "https://files.pythonhosted.org/packages/c1/62/2c616337cf6ba7b07ebbc97f02c6c945a8e2f76b365e33ee809c32ee36d1/debugpy-1.8.21-cp313-cp313-win32.whl", hash = "sha256:2c2ae706dec41d99a9ca1f7ebc987a83e65578363be6f6b3ac9067504917fae1", size = 5336288, upload-time = "2026-06-01T19:31:00.79Z" },
    { url = "https://files.pythonhosted.org/packages/f8/99/9175103392f84c4b1bf7622888cdc68da07f0ff7d9e581266428f6776033/debugpy-1.8.21-cp313-cp313-win_amd64.whl", hash = "sha256:aa648733047443eb1d07682c4ef287d36a54507b643ffdf38b09a3ef002c72a0", size = 5376567, upload-time = "2026-06-01T19:31:02.56Z" },
    { url = "https://files.pythonhosted.org/packages/95/51/67e7cf11a53e40694f720457d5b3a1cdaaa3d5a9a633e482f225456b93ff/debugpy-1.8.21-py2.py3-none-any.whl", hash = "sha256:b1e37d333663c8851516a47364ef473da127f9caebe4417e6df6f5825a7e9a92", size = 5352888, upload-time = "2026-06-01T19:31:25.186Z" },
]

[[package]]
name = "find-libpython"
version = "0.5.1"
source = { registry = "https://pypi.org/simple" }
sdist = { url = "https://files.pythonhosted.org/packages/70/60/951b7ca316ab3ec928ed788de5fcb30b4a0292704e50b872c8edf24c11fe/find_libpython-0.5.1.tar.gz", hash = "sha256:12a0fb39ff8dcc64ad0fd554b1bd142ea4a8c4c18e5da6043a547ce7b25559fe", size = 9402, upload-time = "2026-02-11T03:18:04.844Z" }
wheels = [
    { url = "https://files.pythonhosted.org/packages/34/1f/1d6079f4f0540aaa368aa20d89d98eda42f081c397a822c547340e32d1e3/find_libpython-0.5.1-py3-none-any.whl", hash = "sha256:723a8cfe6fed255a1f58b53c62ed556fb340ec0d456e9863ebc01a5cc047607d", size = 9201, upload-time = "2026-02-11T03:18:03.263Z" },
]

[[package]]
name = "iniconfig"
version = "2.3.0"
source = { registry = "https://pypi.org/simple" }
sdist = { url = "https://files.pythonhosted.org/packages/72/34/14ca021ce8e5dfedc35312d08ba8bf51fdd999c576889fc2c24cb97f4f10/iniconfig-2.3.0.tar.gz", hash = "sha256:c76315c77db068650d49c5b56314774a7804df16fee4402c1f19d6d15d8c4730", size = 20503, upload-time = "2025-10-18T21:55:43.219Z" }
wheels = [
    { url = "https://files.pythonhosted.org/packages/cb/b1/3846dd7f199d53cb17f49cba7e651e9ce294d8497c8c150530ed11865bb8/iniconfig-2.3.0-py3-none-any.whl", hash = "sha256:f631c04d2c48c52b84d0d0549c99ff3859c98df65b3101406327ecc7d53fbf12", size = 7484, upload-time = "2025-10-18T21:55:41.639Z" },
]

[[package]]
name = "lief"
version = "0.17.0"
source = { registry = "https://pypi.org/simple" }
wheels = [
    { url = "https://files.pythonhosted.org/packages/a0/a7/a4e4bf099efc9d4a75bc3f34fc4bb7b206ca7e34109e43ff436cc5c9dc3f/lief-0.17.0-cp313-cp313-macosx_11_0_arm64.whl", hash = "sha256:580f09dfa152d8a15f2cce6578f0a945b0e5ba6148de614857620b087c62fbdd", size = 3000794, upload-time = "2025-09-14T13:53:56.757Z" },
    { url = "https://files.pythonhosted.org/packages/3f/93/4c212e4aa295c7121a9d06c676c03ddd2886550293995b600b936176e575/lief-0.17.0-cp313-cp313-macosx_11_0_x86_64.whl", hash = "sha256:d97c08dbfbb8a380347ca45b1f3efcf56f0d54d149e12d1cf16ad40abe039afd", size = 3106935, upload-time = "2025-09-14T13:54:00.007Z" },
    { url = "https://files.pythonhosted.org/packages/2d/89/2dbb0c44e528ced0f78b81798d9f7cfe477a310d04ef5b7d02602ab079e5/lief-0.17.0-cp313-cp313-manylinux2014_aarch64.whl", hash = "sha256:044e77a80e00bd242f358744ddb98f50ada5c0a50091016d66ae02f4a6baf694", size = 3674167, upload-time = "2025-09-14T13:54:02.907Z" },
    { url = "https://files.pythonhosted.org/packages/61/1e/a672a45b2e25492696c9418004db60c227b2e767a9592d5b7ce9c3952d22/lief-0.17.0-cp313-cp313-manylinux_2_28_i686.whl", hash = "sha256:aea5b7f108e0ebef75fc3b081d6a72e9a7bd4bae5ac5b4d97fe001292fefec9d", size = 3501462, upload-time = "2025-09-14T13:54:05.75Z" },
    { url = "https://files.pythonhosted.org/packages/1d/3d/cbacfed7af263d4ba653b25c69e5bea58e2d9e8e53857bbce052bdbea25c/lief-0.17.0-cp313-cp313-manylinux_2_28_x86_64.whl", hash = "sha256:bcdcc52ee83bc2a16229d0df6595199576725db4555e35ac880852b7576534ed", size = 3404847, upload-time = "2025-09-14T13:54:07.831Z" },
    { url = "https://files.pythonhosted.org/packages/b0/3d/0823baeda5b63bd5a126c5bd15ebd8293a1cb108d79ae420dd64c948af95/lief-0.17.0-cp313-cp313-musllinux_1_2_aarch64.whl", hash = "sha256:cd2d0e1960ee314c7930911b527228926f4ff2dcef3ca22a4b411cb7054f0d66", size = 3592209, upload-time = "2025-09-14T13:54:10.544Z" },
    { url = "https://files.pythonhosted.org/packages/81/7f/8e3d7b0a93aadc83d6f9e743c75485a5a8333a85ea7be582b318b0da47fd/lief-0.17.0-cp313-cp313-musllinux_1_2_i686.whl", hash = "sha256:f4d0e264368b54e54796e56b578681c3bd5eeef7c2d280acaaa918d896883aaf", size = 3958431, upload-time = "2025-09-14T13:54:12.412Z" },
    { url = "https://files.pythonhosted.org/packages/25/08/338e8ee06948022a1b0cd7d2f194a096c818384e4b7cfc7807e7bd023769/lief-0.17.0-cp313-cp313-musllinux_1_2_x86_64.whl", hash = "sha256:89506b0a4a262bf9cefaaaaa628c2ffbf0857b8d1056e6a9fca24748470a4485", size = 3705355, upload-time = "2025-09-14T13:54:15.034Z" },
    { url = "https://files.pythonhosted.org/packages/29/8d/6001295abca3535099cfd328302129551678a8ce8deeda39e83a95b07762/lief-0.17.0-cp313-cp313-win32.whl", hash = "sha256:340155975e25ed68f39fb43b0023cb8571f3171da1b3e6fa7a40441c4e547208", size = 3459310, upload-time = "2025-09-14T13:54:17.975Z" },
    { url = "https://files.pythonhosted.org/packages/ff/ad/deb8f595f04610f9daa747784b278e12c3b0cc99cc46135db6ffb61cd651/lief-0.17.0-cp313-cp313-win_amd64.whl", hash = "sha256:467b25c857239271077c5ac9d97d8c1fb0282ce84096f2518ef03c244660ef10", size = 3637564, upload-time = "2025-09-14T13:54:19.713Z" },
    { url = "https://files.pythonhosted.org/packages/bf/33/84bf9a0b3e5eae0867cd5fc850e39e1bae25c6de1e851654eec5ef405342/lief-0.17.0-cp313-cp313-win_arm64.whl", hash = "sha256:112773fb27ba0ccf1abfd62e5e7e9ca8332d46990304c8286613e22c6ab0f5e4", size = 3472711, upload-time = "2025-09-14T13:54:21.829Z" },
]

[[package]]
name = "packaging"
version = "26.2"
source = { registry = "https://pypi.org/simple" }
sdist = { url = "https://files.pythonhosted.org/packages/d7/f1/e7a6dd94a8d4a5626c03e4e99c87f241ba9e350cd9e6d75123f992427270/packaging-26.2.tar.gz", hash = "sha256:ff452ff5a3e828ce110190feff1178bb1f2ea2281fa2075aadb987c2fb221661", size = 228134, upload-time = "2026-04-24T20:15:23.917Z" }
wheels = [
    { url = "https://files.pythonhosted.org/packages/df/b2/87e62e8c3e2f4b32e5fe99e0b86d576da1312593b39f47d8ceef365e95ed/packaging-26.2-py3-none-any.whl", hash = "sha256:5fc45236b9446107ff2415ce77c807cee2862cb6fac22b8a73826d0693b0980e", size = 100195, upload-time = "2026-04-24T20:15:22.081Z" },
]

[[package]]
name = "pluggy"
version = "1.6.0"
source = { registry = "https://pypi.org/simple" }
sdist = { url = "https://files.pythonhosted.org/packages/f9/e2/3e91f31a7d2b083fe6ef3fa267035b518369d9511ffab804f839851d2779/pluggy-1.6.0.tar.gz", hash = "sha256:7dcc130b76258d33b90f61b658791dede3486c3e6bfb003ee5c9bfb396dd22f3", size = 69412, upload-time = "2025-05-15T12:30:07.975Z" }
wheels = [
    { url = "https://files.pythonhosted.org/packages/54/20/4d324d65cc6d9205fabedc306948156824eb9f0ee1633355a8f7ec5c66bf/pluggy-1.6.0-py3-none-any.whl", hash = "sha256:e920276dd6813095e9377c0bc5566d94c932c33b27a3e3945d8389c374dd4746", size = 20538, upload-time = "2025-05-15T12:30:06.134Z" },
]

[[package]]
name = "pygments"
version = "2.20.0"
source = { registry = "https://pypi.org/simple" }
sdist = { url = "https://files.pythonhosted.org/packages/c3/b2/bc9c9196916376152d655522fdcebac55e66de6603a76a02bca1b6414f6c/pygments-2.20.0.tar.gz", hash = "sha256:6757cd03768053ff99f3039c1a36d6c0aa0b263438fcab17520b30a303a82b5f", size = 4955991, upload-time = "2026-03-29T13:29:33.898Z" }
wheels = [
    { url = "https://files.pythonhosted.org/packages/f4/7e/a72dd26f3b0f4f2bf1dd8923c85f7ceb43172af56d63c7383eb62b332364/pygments-2.20.0-py3-none-any.whl", hash = "sha256:81a9e26dd42fd28a23a2d169d86d7ac03b46e2f8b59ed4698fb4785f946d0176", size = 1231151, upload-time = "2026-03-29T13:29:30.038Z" },
]

[[package]]
name = "pytest"
version = "9.1.1"
source = { registry = "https://pypi.org/simple" }
dependencies = [
    { name = "colorama", marker = "sys_platform == 'win32'" },
    { name = "iniconfig" },
    { name = "packaging" },
    { name = "pluggy" },
    { name = "pygments" },
]
sdist = { url = "https://files.pythonhosted.org/packages/e4/47/b9efed96c114afcfa3c9d3fe98a76a1d14c74a9e266d397cf6eb64be5e01/pytest-9.1.1.tar.gz", hash = "sha256:1088fbde8f2b49d95a549a195707afa7a76a3ce9bcadc26b6d71f0ffda5fe313", size = 1636369, upload-time = "2026-06-19T10:58:32.857Z" }
wheels = [
    { url = "https://files.pythonhosted.org/packages/24/25/1de2678b631f5a49215c6c96fff41ba892b0a34df68d6d80292b1b48aa7f/pytest-9.1.1-py3-none-any.whl", hash = "sha256:37a86b45efb9a47a61a36449063e8e18d0cab3161329fc099eb21783169c4f0c", size = 386536, upload-time = "2026-06-19T10:58:31.347Z" },
]

[[package]]
name = "readchar"
version = "4.2.1"
source = { registry = "https://pypi.org/simple" }
sdist = { url = "https://files.pythonhosted.org/packages/dd/f8/8657b8cbb4ebeabfbdf991ac40eca8a1d1bd012011bd44ad1ed10f5cb494/readchar-4.2.1.tar.gz", hash = "sha256:91ce3faf07688de14d800592951e5575e9c7a3213738ed01d394dcc949b79adb", size = 9685, upload-time = "2024-11-04T18:28:07.757Z" }
wheels = [
    { url = "https://files.pythonhosted.org/packages/a9/10/e4b1e0e5b6b6745c8098c275b69bc9d73e9542d5c7da4f137542b499ed44/readchar-4.2.1-py3-none-any.whl", hash = "sha256:a769305cd3994bb5fa2764aa4073452dc105a4ec39068ffe6efd3c20c60acc77", size = 9350, upload-time = "2024-11-04T18:28:02.859Z" },
]

[[package]]
name = "riscv-assembler"
version = "1.2.1"
source = { registry = "https://pypi.org/simple" }
dependencies = [
    { name = "bitstring" },
]
sdist = { url = "https://files.pythonhosted.org/packages/b9/5a/8979cb696feb2090acefc1a824ddac59a6dea1b4839ec3db2ddd1dc61411/riscv-assembler-1.2.1.tar.gz", hash = "sha256:b90def321f5fc42424d7f102bc016a75df288afd2d53fe63294d0ee836f65207", size = 312350, upload-time = "2023-04-24T20:48:09.874Z" }
wheels = [
    { url = "https://files.pythonhosted.org/packages/b2/0d/e1266df95f3dd656adba974e66cc49cbcc7877ed885cf6100f15a6ad7a27/riscv_assembler-1.2.1-py3-none-any.whl", hash = "sha256:59ce05e4cfaf34e42c88273937ee9375fcf77aa290bdcace5f44137d488f8c6a", size = 9934, upload-time = "2023-04-24T20:48:07.971Z" },
]

[[package]]
name = "tibs"
version = "0.5.7"
source = { registry = "https://pypi.org/simple" }
sdist = { url = "https://files.pythonhosted.org/packages/57/cd/6cf028decf1c2df4d26077dd5d0532587d93d4917233d5e004133166a940/tibs-0.5.7.tar.gz", hash = "sha256:173dfbecb2309edd9771f453580c88cf251e775613461566b23dbd756b3d54cb", size = 78255, upload-time = "2026-03-12T13:06:29.79Z" }
wheels = [
    { url = "https://files.pythonhosted.org/packages/12/2d/de2c579d3eea0f18212b5b16decb04568b7a0ef912d00581a77492609d4e/tibs-0.5.7-cp38-abi3-macosx_10_12_x86_64.whl", hash = "sha256:859f05315ffb307d3474c505d694f3a547f00730a024c982f5f60316a5505b3c", size = 411352, upload-time = "2026-03-12T13:06:52.016Z" },
    { url = "https://files.pythonhosted.org/packages/74/71/4c21ccc5c2e1672f9cd91ed2c46604c250cffd9d386113772dded128b5cf/tibs-0.5.7-cp38-abi3-macosx_11_0_arm64.whl", hash = "sha256:a883ca13a922a66b2c1326a9c188123a574741a72510a4bf52fd6f97db191e44", size = 383971, upload-time = "2026-03-12T13:06:50.143Z" },
    { url = "https://files.pythonhosted.org/packages/38/85/399940ac5393772792a209911a5efa42cf55cf621771e48b863211ac5a2a/tibs-0.5.7-cp38-abi3-manylinux_2_17_aarch64.manylinux2014_aarch64.whl", hash = "sha256:f70bd250769381c73110d6f24feaf8b6fcd44f680b3cb28a20ea06db3d04fb6f", size = 416256, upload-time = "2026-03-12T13:06:24.222Z" },
    { url = "https://files.pythonhosted.org/packages/02/94/481a73e74d398949f57d297b1809a10a951d252e7ec94b6715ed952ce500/tibs-0.5.7-cp38-abi3-manylinux_2_17_armv7l.manylinux2014_armv7l.whl", hash = "sha256:76746f01b3db9dbd802f5e615f11f68df7a29ecef521b082dca53f3fa7d0084f", size = 428003, upload-time = "2026-03-12T13:06:23.064Z" },
    { url = "https://files.pythonhosted.org/packages/9b/e0/72db1760a7f7fec1d5f3690e0855fbbccbcf0a4a2fd318c9d71f3b33f3a7/tibs-0.5.7-cp38-abi3-manylinux_2_17_ppc64le.manylinux2014_ppc64le.whl", hash = "sha256:847709c108800ad6a45efaf9a040628278956938a4897f7427a2587013dc3b98", size = 455589, upload-time = "2026-03-12T13:06:53.144Z" },
    { url = "https://files.pythonhosted.org/packages/3e/26/9cd3395914bf705d6ae1e9a6c323f727e9dc88fef716327ce7f486e0b55a/tibs-0.5.7-cp38-abi3-manylinux_2_17_s390x.manylinux2014_s390x.whl", hash = "sha256:ad61df93b50f875b277ab736c5d37b6bce56f9abce489a22f4e02d9daa2966e3", size = 459266, upload-time = "2026-03-12T13:06:21.678Z" },
    { url = "https://files.pythonhosted.org/packages/e9/3b/267f19a008d13c704dc0b044138a56239272a43531ccb05464129d0fbd01/tibs-0.5.7-cp38-abi3-manylinux_2_17_x86_64.manylinux2014_x86_64.whl", hash = "sha256:e13b9c7ff2604b0146772025e1ac6f85c8c625bf6ac73736ff671eaf357dda41", size = 423466, upload-time = "2026-03-12T13:06:41.212Z" },
    { url = "https://files.pythonhosted.org/packages/e5/d4/424ae3515e0e013ad83186074bf3beb53399b9052c00da703415ccc316ca/tibs-0.5.7-cp38-abi3-manylinux_2_5_i686.manylinux1_i686.whl", hash = "sha256:0a7ce857ef05c59dc61abadc31c4b9b1e3c62f9e5fb29217988c308936aea71e", size = 452080, upload-time = "2026-03-12T13:06:32.112Z" },
    { url = "https://files.pythonhosted.org/packages/b0/15/ab80beba83a134745439d33763e1d3b017f994abeb9c309a3ac9fd94e90e/tibs-0.5.7-cp38-abi3-musllinux_1_2_aarch64.whl", hash = "sha256:1d5521cc6768bfa6282a0c591ba06b079ab91b5c7d5696925ad2abac59779a54", size = 592311, upload-time = "2026-03-12T13:06:47.807Z" },
    { url = "https://files.pythonhosted.org/packages/4c/21/f5cf41c15431e63aeaefb494e714d48d9e9061b4e01fcc01d1987e2e5faa/tibs-0.5.7-cp38-abi3-musllinux_1_2_armv7l.whl", hash = "sha256:477608f9b87e24a22ab6d50b81da04a5cb59bfa49598ff7ec5165035a18fb392", size = 703400, upload-time = "2026-03-12T13:06:16.968Z" },
    { url = "https://files.pythonhosted.org/packages/4e/ec/b3bdb7dcc3de8513c5678a685f4e25bb85ef48526d7d535ddc592f9e8602/tibs-0.5.7-cp38-abi3-musllinux_1_2_i686.whl", hash = "sha256:ac0aa2aae38f7325c91c261ce1d18f769c4c7033c98d6ea3ea5534585cf16452", size = 664623, upload-time = "2026-03-12T13:06:48.894Z" },
    { url = "https://files.pythonhosted.org/packages/a4/71/7b85af3ad1b2cd9871c8f50ba0eb17e54e12481b467678535e58aced0d98/tibs-0.5.7-cp38-abi3-musllinux_1_2_x86_64.whl", hash = "sha256:1b56583db148e5094d781c3d746815dbcbb6378c6f813c8ce291efd4ab21da8b", size = 635199, upload-time = "2026-03-12T13:06:34.798Z" },
    { url = "https://files.pythonhosted.org/packages/b9/63/60220fb502beb857306afd4a5bac4a8617ae496f3b1f4968d127380fdefe/tibs-0.5.7-cp38-abi3-win32.whl", hash = "sha256:d4f3ff613d486650816bc5516760c0382a2cc0ca8aeddd8914d011bc3b81d9a2", size = 288454, upload-time = "2026-03-12T13:06:30.978Z" },
    { url = "https://files.pythonhosted.org/packages/46/ab/aab78827ba7e0d65fe346b86d1d61e0792c38d5f9b7547e0f71b7027c835/tibs-0.5.7-cp38-abi3-win_amd64.whl", hash = "sha256:a61d36155f8ab8642e1b6744e13822f72050fc7ec4f86ec6965295afa04949e2", size = 304135, upload-time = "2026-03-12T13:06:35.884Z" },
    { url = "https://files.pythonhosted.org/packages/48/59/e9e6a610928a4bcbf04f0ac1436ee320aa8cbe95181f1aa32687c50e858b/tibs-0.5.7-cp38-abi3-win_arm64.whl", hash = "sha256:130bc68ff500fc8185677df7a97350b5d5339e6ba7e325bc3031337f6424ede7", size = 289272, upload-time = "2026-03-12T13:06:19.247Z" },
]

[[package]]
name = "tinyrv"
version = "0.1.0"
source = { registry = "https://pypi.org/simple" }
dependencies = [
    { name = "dataclasses-struct" },
    { name = "lief" },
    { name = "readchar" },
]
sdist = { url = "https://files.pythonhosted.org/packages/27/09/a25fbfc3e8ebdd68d8060b66b8231e35d5649f29db44f163ea3d2eda4c7b/tinyrv-0.1.0.tar.gz", hash = "sha256:60f2435dee3f668ae47159630f7124ea1ac58ffda70353dc60c10e2e921fa43f", size = 91763, upload-time = "2025-10-24T13:00:42.768Z" }
wheels = [
    { url = "https://files.pythonhosted.org/packages/79/f0/f698e3b58cdad31357ddd749c1ed24c449acb83ef12f2f4428d735722631/tinyrv-0.1.0-py3-none-any.whl", hash = "sha256:6a16db9a58a3d145c6af6edf764781f82702220e33bbc4800465094ce5896339", size = 83501, upload-time = "2025-10-24T13:00:41.027Z" },
]
